<?xml version="1.0" encoding="utf-8"?>
<Project ToolsVersion="4.0" xmlns="http://schemas.microsoft.com/developer/msbuild/2003">
  <ItemGroup>
    <Filter Include="MochinekoEngine">
      <UniqueIdentifier>{53c4885a-2d19-401d-9d97-bb33caa002f3}</UniqueIdentifier>
    </Filter>
    <Filter Include="MochinekoEngine\Data">
      <UniqueIdentifier>{2287285c-6e27-42d6-8415-61c4f9969167}</UniqueIdentifier>
    </Filter>
    <Filter Include="MochinekoEngine\ImGUI">
      <UniqueIdentifier>{5ee5478a-19e5-4251-b571-1acb9c7f75c7}</UniqueIdentifier>
    </Filter>
    <Filter Include="MochinekoEngine\Manager">
      <UniqueIdentifier>{78bb1e0d-db19-43eb-a3a3-8def4611d8b2}</UniqueIdentifier>
    </Filter>
    <Filter Include="MochinekoEngine\Object">
      <UniqueIdentifier>{0be385ad-cb9c-4c71-a6c8-30a50126d1ad}</UniqueIdentifier>
    </Filter>
    <Filter Include="MochinekoEngine\Scene">
      <UniqueIdentifier>{79b8cb87-80b9-40f3-b9fc-4bf208f9e126}</UniqueIdentifier>
    </Filter>
    <Filter Include="MochinekoEngine\Shader">
      <UniqueIdentifier>{11706509-2b93-4702-b792-70f20faee79e}</UniqueIdentifier>
    </Filter>
  </ItemGroup>
  <ItemGroup>
    <ClInclude Include="MochinekoEngine\BaseObject.h">
      <Filter>MochinekoEngine\Object</Filter>
    </ClInclude>
    <ClInclude Include="MochinekoEngine\BaseScene.h">
      <Filter>MochinekoEngine\Scene</Filter>
    </ClInclude>
    <ClInclude Include="MochinekoEngine\Camera.h">
      <Filter>MochinekoEngine\Data</Filter>
    </ClInclude>
    <ClInclude Include="MochinekoEngine\CameraManager.h">
      <Filter>MochinekoEngine\Manager</Filter>
    </ClInclude>
    <ClInclude Include="MochinekoEngine\DebugScene.h">
      <Filter>MochinekoEngine\Scene</Filter>
    </ClInclude>
    <ClInclude Include="MochinekoEngine\DX3DManager.h">
      <Filter>MochinekoEngine\Manager</Filter>
    </ClInclude>
    <ClInclude Include="MochinekoEngine\FBX.h">
      <Filter>MochinekoEngine\Object</Filter>
    </ClInclude>
    <ClInclude Include="MochinekoEngine\Framework.h">
      <Filter>MochinekoEngine</Filter>
    </ClInclude>
    <ClInclude Include="MochinekoEngine\Image.h">
      <Filter>MochinekoEngine\Object</Filter>
    </ClInclude>
    <ClInclude Include="MochinekoEngine\ImageManager.h">
      <Filter>MochinekoEngine\Manager</Filter>
    </ClInclude>
    <ClInclude Include="MochinekoEngine\ObjectManager.h">
      <Filter>MochinekoEngine\Manager</Filter>
    </ClInclude>
    <ClInclude Include="MochinekoEngine\SceneManager.h">
      <Filter>MochinekoEngine\Manager</Filter>
    </ClInclude>
    <ClInclude Include="MochinekoEngine\ShaderManager.h">
      <Filter>MochinekoEngine\Manager</Filter>
    </ClInclude>
    <ClInclude Include="MochinekoEngine\SoundManager.h">
      <Filter>MochinekoEngine\Manager</Filter>
    </ClInclude>
    <ClInclude Include="MochinekoEngine\Texture.h">
      <Filter>MochinekoEngine\Data</Filter>
    </ClInclude>
    <ClInclude Include="MochinekoEngine\Transform.h">
      <Filter>MochinekoEngine\Data</Filter>
    </ClInclude>
    <ClInclude Include="MochinekoEngine\ImGUI\imgui_impl_dx12.h">
      <Filter>MochinekoEngine\ImGUI</Filter>
    </ClInclude>
    <ClInclude Include="MochinekoEngine\ImGUI\imgui_impl_win32.h">
      <Filter>MochinekoEngine\ImGUI</Filter>
    </ClInclude>
    <ClInclude Include="MochinekoEngine\ImGUI\imgui_internal.h">
      <Filter>MochinekoEngine\ImGUI</Filter>
    </ClInclude>
    <ClInclude Include="MochinekoEngine\ImGUI\imstb_rectpack.h">
      <Filter>MochinekoEngine\ImGUI</Filter>
    </ClInclude>
    <ClInclude Include="MochinekoEngine\ImGUI\imstb_textedit.h">
      <Filter>MochinekoEngine\ImGUI</Filter>
    </ClInclude>
    <ClInclude Include="MochinekoEngine\ImGUI\imstb_truetype.h">
      <Filter>MochinekoEngine\ImGUI</Filter>
    </ClInclude>
    <ClInclude Include="MochinekoEngine\ImGUI\imconfig.h">
      <Filter>MochinekoEngine\ImGUI</Filter>
    </ClInclude>
    <ClInclude Include="MochinekoEngine\ImGUI\imgui.h">
      <Filter>MochinekoEngine\ImGUI</Filter>
    </ClInclude>
    <ClInclude Include="MochinekoEngine\ImGUI\imgui_impl_dx9.h">
      <Filter>MochinekoEngine\ImGUI</Filter>
    </ClInclude>
    <ClInclude Include="MochinekoEngine\ImGUI\imgui_impl_dx10.h">
      <Filter>MochinekoEngine\ImGUI</Filter>
    </ClInclude>
    <ClInclude Include="MochinekoEngine\ImGUI\imgui_impl_dx11.h">
      <Filter>MochinekoEngine\ImGUI</Filter>
    </ClInclude>
  </ItemGroup>
  <ItemGroup>
    <ClCompile Include="MochinekoEngine\CameraManager.cpp">
      <Filter>MochinekoEngine\Manager</Filter>
    </ClCompile>
    <ClCompile Include="MochinekoEngine\DebugScene.cpp">
      <Filter>MochinekoEngine\Scene</Filter>
    </ClCompile>
    <ClCompile Include="MochinekoEngine\DX3DManager.cpp">
      <Filter>MochinekoEngine\Manager</Filter>
    </ClCompile>
    <ClCompile Include="MochinekoEngine\FBX.cpp">
      <Filter>MochinekoEngine\Object</Filter>
    </ClCompile>
    <ClCompile Include="MochinekoEngine\Image.cpp">
      <Filter>MochinekoEngine\Object</Filter>
    </ClCompile>
    <ClCompile Include="MochinekoEngine\ImageManager.cpp">
      <Filter>MochinekoEngine\Manager</Filter>
    </ClCompile>
    <ClCompile Include="MochinekoEngine\Main.cpp">
      <Filter>MochinekoEngine</Filter>
    </ClCompile>
    <ClCompile Include="MochinekoEngine\ObjectManager.cpp">
      <Filter>MochinekoEngine\Manager</Filter>
    </ClCompile>
    <ClCompile Include="MochinekoEngine\SceneManager.cpp">
      <Filter>MochinekoEngine\Manager</Filter>
    </ClCompile>
    <ClCompile Include="MochinekoEngine\ShaderManager.cpp">
      <Filter>MochinekoEngine\Manager</Filter>
    </ClCompile>
    <ClCompile Include="MochinekoEngine\SoundManager.cpp">
      <Filter>MochinekoEngine\Manager</Filter>
    </ClCompile>
    <ClCompile Include="MochinekoEngine\Texture.cpp">
      <Filter>MochinekoEngine\Data</Filter>
    </ClCompile>
    <ClCompile Include="MochinekoEngine\ImGUI\imgui_impl_win32.cpp">
      <Filter>MochinekoEngine\ImGUI</Filter>
    </ClCompile>
    <ClCompile Include="MochinekoEngine\ImGUI\imgui_tables.cpp">
      <Filter>MochinekoEngine\ImGUI</Filter>
    </ClCompile>
    <ClCompile Include="MochinekoEngine\ImGUI\imgui_widgets.cpp">
      <Filter>MochinekoEngine\ImGUI</Filter>
    </ClCompile>
    <ClCompile Include="MochinekoEngine\ImGUI\imgui.cpp">
      <Filter>MochinekoEngine\ImGUI</Filter>
    </ClCompile>
    <ClCompile Include="MochinekoEngine\ImGUI\imgui_demo.cpp">
      <Filter>MochinekoEngine\ImGUI</Filter>
    </ClCompile>
    <ClCompile Include="MochinekoEngine\ImGUI\imgui_draw.cpp">
      <Filter>MochinekoEngine\ImGUI</Filter>
    </ClCompile>
    <ClCompile Include="MochinekoEngine\ImGUI\imgui_impl_dx9.cpp">
      <Filter>MochinekoEngine\ImGUI</Filter>
    </ClCompile>
    <ClCompile Include="MochinekoEngine\ImGUI\imgui_impl_dx10.cpp">
      <Filter>MochinekoEngine\ImGUI</Filter>
    </ClCompile>
    <ClCompile Include="MochinekoEngine\ImGUI\imgui_impl_dx11.cpp">
      <Filter>MochinekoEngine\ImGUI</Filter>
    </ClCompile>
    <ClCompile Include="MochinekoEngine\ImGUI\imgui_impl_dx12.cpp">
      <Filter>MochinekoEngine\ImGUI</Filter>
    </ClCompile>
  </ItemGroup>
  <ItemGroup>
    <FxCompile Include="MochinekoEngine\PixelShader.hlsl">
      <Filter>MochinekoEngine\Shader</Filter>
    </FxCompile>
    <FxCompile Include="MochinekoEngine\VertexShader.hlsl">
      <Filter>MochinekoEngine\Shader</Filter>
    </FxCompile>
  </ItemGroup>
</Project>